{
    "_meta": {
        "hash": {
            "sha256": "edfe42ae068630a5d0ac5e64112f9edab257a0af0b9c0e26277508e88c2aa2c6"
        },
        "pipfile-spec": 6,
        "requires": {
            "python_version": "3.6"
        },
        "sources": [
            {
                "name": "pypi",
                "url": "https://pypi.org/simple",
                "verify_ssl": true
            }
        ]
    },
    "default": {
        "pipfile": {
            "hashes": [
                "sha256:f7d9f15de8b660986557eb3cc5391aa1a16207ac41bc378d03f414762d36c984"
            ],
            "index": "pypi",
            "version": "==0.0.2"
        },
        "robotframework": {
            "hashes": [
                "sha256:ab94257cbd848dfca7148e092d233a12853cc7e840ce8231af9cbb5e7f51aa47"
            ],
            "index": "pypi",
            "version": "==3.0.4"
        },
        "toml": {
            "hashes": [
                "sha256:229f81c57791a41d65e399fc06bf0848bab550a9dfd5ed66df18ce5f05e73d5c",
                "sha256:235682dd292d5899d361a811df37e04a8828a5b1da3115886b73cf81ebc9100e"
            ],
            "version": "==0.10.0"
        }
    },
    "develop": {}
}
